
Microsoft Visual Studio Solution File, Format Version 12.00
# Visual Studio Version 17
VisualStudioVersion = 17.7.34024.191
MinimumVisualStudioVersion = 10.0.40219.1
Project("{9A19103F-16F7-4668-BE54-9A1E7A4F7556}") = "CSMWebsite2023.Web", "CSMWebsite2023.Web\CSMWebsite2023.Web.csproj", "{3D2171F6-18BA-414F-ACB6-C264EC92A7CE}"
EndProject
Project("{2150E333-8FDC-42A3-9474-1A3956D46DE8}") = "Infrastructure", "Infrastructure", "{DE784FAF-4097-4AA1-A72D-8B937D151039}"
EndProject
Project("{9A19103F-16F7-4668-BE54-9A1E7A4F7556}") = "CSMWebsite2023.Contracts", "CSMWebsite2023.Contracts\CSMWebsite2023.Contracts.csproj", "{C8643E91-7A41-4D2C-B714-563B7F62CD1F}"
EndProject
Project("{9A19103F-16F7-4668-BE54-9A1E7A4F7556}") = "CSMWebsite2023.Data", "CSMWebsite2023.Data\CSMWebsite2023.Data.csproj", "{94A8B5B7-0DE8-4D46-B185-4610FF1764C3}"
EndProject
Project("{9A19103F-16F7-4668-BE54-9A1E7A4F7556}") = "CSMWebsite2023.EntityFramework", "CSMWebsite2023.EntityFramework\CSMWebsite2023.EntityFramework.csproj", "{86F32438-304D-4800-AC9B-7AE718A16A8B}"
EndProject
Project("{9A19103F-16F7-4668-BE54-9A1E7A4F7556}") = "CSMWebsite2023.MySql", "CSMWebsite2023.MySql\CSMWebsite2023.MySql.csproj", "{EFD2B0CD-5501-4B94-B145-D42DF0DB76CC}"
EndProject
Project("{9A19103F-16F7-4668-BE54-9A1E7A4F7556}") = "CSMWebsite2023.Services", "CSMWebsite2023.Services\CSMWebsite2023.Services.csproj", "{73AC4D26-9DAA-4A25-8264-D0118C75255F}"
EndProject
Global
	GlobalSection(SolutionConfigurationPlatforms) = preSolution
		Debug|Any CPU = Debug|Any CPU
		Release|Any CPU = Release|Any CPU
	EndGlobalSection
	GlobalSection(ProjectConfigurationPlatforms) = postSolution
		{3D2171F6-18BA-414F-ACB6-C264EC92A7CE}.Debug|Any CPU.ActiveCfg = Debug|Any CPU
		{3D2171F6-18BA-414F-ACB6-C264EC92A7CE}.Debug|Any CPU.Build.0 = Debug|Any CPU
		{3D2171F6-18BA-414F-ACB6-C264EC92A7CE}.Release|Any CPU.ActiveCfg = Release|Any CPU
		{3D2171F6-18BA-414F-ACB6-C264EC92A7CE}.Release|Any CPU.Build.0 = Release|Any CPU
		{C8643E91-7A41-4D2C-B714-563B7F62CD1F}.Debug|Any CPU.ActiveCfg = Debug|Any CPU
		{C8643E91-7A41-4D2C-B714-563B7F62CD1F}.Debug|Any CPU.Build.0 = Debug|Any CPU
		{C8643E91-7A41-4D2C-B714-563B7F62CD1F}.Release|Any CPU.ActiveCfg = Release|Any CPU
		{C8643E91-7A41-4D2C-B714-563B7F62CD1F}.Release|Any CPU.Build.0 = Release|Any CPU
		{94A8B5B7-0DE8-4D46-B185-4610FF1764C3}.Debug|Any CPU.ActiveCfg = Debug|Any CPU
		{94A8B5B7-0DE8-4D46-B185-4610FF1764C3}.Debug|Any CPU.Build.0 = Debug|Any CPU
		{94A8B5B7-0DE8-4D46-B185-4610FF1764C3}.Release|Any CPU.ActiveCfg = Release|Any CPU
		{94A8B5B7-0DE8-4D46-B185-4610FF1764C3}.Release|Any CPU.Build.0 = Release|Any CPU
		{86F32438-304D-4800-AC9B-7AE718A16A8B}.Debug|Any CPU.ActiveCfg = Debug|Any CPU
		{86F32438-304D-4800-AC9B-7AE718A16A8B}.Debug|Any CPU.Build.0 = Debug|Any CPU
		{86F32438-304D-4800-AC9B-7AE718A16A8B}.Release|Any CPU.ActiveCfg = Release|Any CPU
		{86F32438-304D-4800-AC9B-7AE718A16A8B}.Release|Any CPU.Build.0 = Release|Any CPU
		{EFD2B0CD-5501-4B94-B145-D42DF0DB76CC}.Debug|Any CPU.ActiveCfg = Debug|Any CPU
		{EFD2B0CD-5501-4B94-B145-D42DF0DB76CC}.Debug|Any CPU.Build.0 = Debug|Any CPU
		{EFD2B0CD-5501-4B94-B145-D42DF0DB76CC}.Release|Any CPU.ActiveCfg = Release|Any CPU
		{EFD2B0CD-5501-4B94-B145-D42DF0DB76CC}.Release|Any CPU.Build.0 = Release|Any CPU
		{73AC4D26-9DAA-4A25-8264-D0118C75255F}.Debug|Any CPU.ActiveCfg = Debug|Any CPU
		{73AC4D26-9DAA-4A25-8264-D0118C75255F}.Debug|Any CPU.Build.0 = Debug|Any CPU
		{73AC4D26-9DAA-4A25-8264-D0118C75255F}.Release|Any CPU.ActiveCfg = Release|Any CPU
		{73AC4D26-9DAA-4A25-8264-D0118C75255F}.Release|Any CPU.Build.0 = Release|Any CPU
	EndGlobalSection
	GlobalSection(SolutionProperties) = preSolution
		HideSolutionNode = FALSE
	EndGlobalSection
	GlobalSection(NestedProjects) = preSolution
		{C8643E91-7A41-4D2C-B714-563B7F62CD1F} = {DE784FAF-4097-4AA1-A72D-8B937D151039}
		{94A8B5B7-0DE8-4D46-B185-4610FF1764C3} = {DE784FAF-4097-4AA1-A72D-8B937D151039}
		{86F32438-304D-4800-AC9B-7AE718A16A8B} = {DE784FAF-4097-4AA1-A72D-8B937D151039}
		{EFD2B0CD-5501-4B94-B145-D42DF0DB76CC} = {DE784FAF-4097-4AA1-A72D-8B937D151039}
		{73AC4D26-9DAA-4A25-8264-D0118C75255F} = {DE784FAF-4097-4AA1-A72D-8B937D151039}
	EndGlobalSection
	GlobalSection(ExtensibilityGlobals) = postSolution
		SolutionGuid = {40067EB9-77ED-4638-910B-81820B6511E9}
	EndGlobalSection
EndGlobal
